
Microsoft Visual Studio Solution File, Format Version 12.00
# Visual Studio Version 17
VisualStudioVersion = 17.3.32728.150
MinimumVisualStudioVersion = 10.0.40219.1
Project("{FAE04EC0-301F-11D3-BF4B-00C04F79EFBC}") = "JWTAuth", "JWTAuth\JWTAuth.csproj", "{77C6419D-549E-41AE-B9D0-618F7DB94BF9}"
EndProject
Global
	GlobalSection(SolutionConfigurationPlatforms) = preSolution
		Debug|Any CPU = Debug|Any CPU
		Release|Any CPU = Release|Any CPU
	EndGlobalSection
	GlobalSection(ProjectConfigurationPlatforms) = postSolution
		{77C6419D-549E-41AE-B9D0-618F7DB94BF9}.Debug|Any CPU.ActiveCfg = Debug|Any CPU
		{77C6419D-549E-41AE-B9D0-618F7DB94BF9}.Debug|Any CPU.Build.0 = Debug|Any CPU
		{77C6419D-549E-41AE-B9D0-618F7DB94BF9}.Release|Any CPU.ActiveCfg = Release|Any CPU
		{77C6419D-549E-41AE-B9D0-618F7DB94BF9}.Release|Any CPU.Build.0 = Release|Any CPU
	EndGlobalSection
	GlobalSection(SolutionProperties) = preSolution
		HideSolutionNode = FALSE
	EndGlobalSection
	GlobalSection(ExtensibilityGlobals) = postSolution
		SolutionGuid = {3BDED749-2295-4D50-AF07-886AAAFC4F55}
	EndGlobalSection
EndGlobal
